
Microsoft Visual Studio Solution File, Format Version 12.00
# Visual Studio 15
VisualStudioVersion = 15.0.27703.2000
MinimumVisualStudioVersion = 10.0.40219.1
Project("{FAE04EC0-301F-11D3-BF4B-00C04F79EFBC}") = "Senai.Chamados.Web", "Senai.Chamados.Web\Senai.Chamados.Web.csproj", "{7061E059-4FE5-400D-A969-27A17966A9DE}"
EndProject
Project("{FAE04EC0-301F-11D3-BF4B-00C04F79EFBC}") = "Senai.Chamados.Domain", "Senai.Chamados.Domain\Senai.Chamados.Domain.csproj", "{C72037CC-942E-4E53-B42B-60EB220F450C}"
EndProject
Project("{FAE04EC0-301F-11D3-BF4B-00C04F79EFBC}") = "Senai.Chamados.Data", "Senai.Chamados.Data\Senai.Chamados.Data.csproj", "{80D2023B-E430-44D5-98AA-6F9ADEA122C3}"
EndProject
Global
	GlobalSection(SolutionConfigurationPlatforms) = preSolution
		Debug|Any CPU = Debug|Any CPU
		Release|Any CPU = Release|Any CPU
	EndGlobalSection
	GlobalSection(ProjectConfigurationPlatforms) = postSolution
		{7061E059-4FE5-400D-A969-27A17966A9DE}.Debug|Any CPU.ActiveCfg = Debug|Any CPU
		{7061E059-4FE5-400D-A969-27A17966A9DE}.Debug|Any CPU.Build.0 = Debug|Any CPU
		{7061E059-4FE5-400D-A969-27A17966A9DE}.Release|Any CPU.ActiveCfg = Release|Any CPU
		{7061E059-4FE5-400D-A969-27A17966A9DE}.Release|Any CPU.Build.0 = Release|Any CPU
		{C72037CC-942E-4E53-B42B-60EB220F450C}.Debug|Any CPU.ActiveCfg = Debug|Any CPU
		{C72037CC-942E-4E53-B42B-60EB220F450C}.Debug|Any CPU.Build.0 = Debug|Any CPU
		{C72037CC-942E-4E53-B42B-60EB220F450C}.Release|Any CPU.ActiveCfg = Release|Any CPU
		{C72037CC-942E-4E53-B42B-60EB220F450C}.Release|Any CPU.Build.0 = Release|Any CPU
		{80D2023B-E430-44D5-98AA-6F9ADEA122C3}.Debug|Any CPU.ActiveCfg = Debug|Any CPU
		{80D2023B-E430-44D5-98AA-6F9ADEA122C3}.Debug|Any CPU.Build.0 = Debug|Any CPU
		{80D2023B-E430-44D5-98AA-6F9ADEA122C3}.Release|Any CPU.ActiveCfg = Release|Any CPU
		{80D2023B-E430-44D5-98AA-6F9ADEA122C3}.Release|Any CPU.Build.0 = Release|Any CPU
	EndGlobalSection
	GlobalSection(SolutionProperties) = preSolution
		HideSolutionNode = FALSE
	EndGlobalSection
	GlobalSection(ExtensibilityGlobals) = postSolution
		SolutionGuid = {09C00AB0-C676-4FF9-B98E-FD4F148A9A25}
	EndGlobalSection
EndGlobal
